
Microsoft Visual Studio Solution File, Format Version 12.00
# Visual Studio Version 17
VisualStudioVersion = 17.4.33103.184
MinimumVisualStudioVersion = 10.0.40219.1
Project("{FAE04EC0-301F-11D3-BF4B-00C04F79EFBC}") = "contacts-web-api", "contacts-web-api\contacts-web-api.csproj", "{3D4974C1-D0BD-4632-A6E5-83E863DA5E21}"
EndProject
Global
	GlobalSection(SolutionConfigurationPlatforms) = preSolution
		Debug|Any CPU = Debug|Any CPU
		Release|Any CPU = Release|Any CPU
	EndGlobalSection
	GlobalSection(ProjectConfigurationPlatforms) = postSolution
		{3D4974C1-D0BD-4632-A6E5-83E863DA5E21}.Debug|Any CPU.ActiveCfg = Debug|Any CPU
		{3D4974C1-D0BD-4632-A6E5-83E863DA5E21}.Debug|Any CPU.Build.0 = Debug|Any CPU
		{3D4974C1-D0BD-4632-A6E5-83E863DA5E21}.Release|Any CPU.ActiveCfg = Release|Any CPU
		{3D4974C1-D0BD-4632-A6E5-83E863DA5E21}.Release|Any CPU.Build.0 = Release|Any CPU
	EndGlobalSection
	GlobalSection(SolutionProperties) = preSolution
		HideSolutionNode = FALSE
	EndGlobalSection
	GlobalSection(ExtensibilityGlobals) = postSolution
		SolutionGuid = {DE764019-59AB-4C67-969E-EC663B028A9B}
	EndGlobalSection
EndGlobal
